
Microsoft Visual Studio Solution File, Format Version 12.00
# Visual Studio Version 17
VisualStudioVersion = 17.7.34024.191
MinimumVisualStudioVersion = 10.0.40219.1
Project("{FAE04EC0-301F-11D3-BF4B-00C04F79EFBC}") = "lab12", "lab12\lab12.csproj", "{F15D2AF0-994A-4F40-9D46-31EE907378E8}"
EndProject
Global
	GlobalSection(SolutionConfigurationPlatforms) = preSolution
		Debug|Any CPU = Debug|Any CPU
		Release|Any CPU = Release|Any CPU
	EndGlobalSection
	GlobalSection(ProjectConfigurationPlatforms) = postSolution
		{F15D2AF0-994A-4F40-9D46-31EE907378E8}.Debug|Any CPU.ActiveCfg = Debug|Any CPU
		{F15D2AF0-994A-4F40-9D46-31EE907378E8}.Debug|Any CPU.Build.0 = Debug|Any CPU
		{F15D2AF0-994A-4F40-9D46-31EE907378E8}.Release|Any CPU.ActiveCfg = Release|Any CPU
		{F15D2AF0-994A-4F40-9D46-31EE907378E8}.Release|Any CPU.Build.0 = Release|Any CPU
	EndGlobalSection
	GlobalSection(SolutionProperties) = preSolution
		HideSolutionNode = FALSE
	EndGlobalSection
	GlobalSection(ExtensibilityGlobals) = postSolution
		SolutionGuid = {17757A98-FC32-4961-8D2E-67509FE12D4E}
	EndGlobalSection
EndGlobal
